
Microsoft Visual Studio Solution File, Format Version 12.00
# Visual Studio Version 16
VisualStudioVersion = 16.0.29728.190
MinimumVisualStudioVersion = 10.0.40219.1
Project("{FAE04EC0-301F-11D3-BF4B-00C04F79EFBC}") = "Numeros Binarios", "Numeros Binarios\Numeros Binarios.csproj", "{6C414030-A9D7-4239-8059-9FDDEA636E25}"
EndProject
Global
	GlobalSection(SolutionConfigurationPlatforms) = preSolution
		Debug|Any CPU = Debug|Any CPU
		Release|Any CPU = Release|Any CPU
	EndGlobalSection
	GlobalSection(ProjectConfigurationPlatforms) = postSolution
		{6C414030-A9D7-4239-8059-9FDDEA636E25}.Debug|Any CPU.ActiveCfg = Debug|Any CPU
		{6C414030-A9D7-4239-8059-9FDDEA636E25}.Debug|Any CPU.Build.0 = Debug|Any CPU
		{6C414030-A9D7-4239-8059-9FDDEA636E25}.Release|Any CPU.ActiveCfg = Release|Any CPU
		{6C414030-A9D7-4239-8059-9FDDEA636E25}.Release|Any CPU.Build.0 = Release|Any CPU
	EndGlobalSection
	GlobalSection(SolutionProperties) = preSolution
		HideSolutionNode = FALSE
	EndGlobalSection
	GlobalSection(ExtensibilityGlobals) = postSolution
		SolutionGuid = {F8E7CB0C-E300-41A6-A332-1C93E95F2525}
	EndGlobalSection
EndGlobal
